
Microsoft Visual Studio Solution File, Format Version 12.00
# Visual Studio 15
VisualStudioVersion = 15.0.28307.421
MinimumVisualStudioVersion = 10.0.40219.1
Project("{FAE04EC0-301F-11D3-BF4B-00C04F79EFBC}") = "1", "1\1.csproj", "{E1AC7601-5E45-4A6C-B43A-F088CBABC0AD}"
EndProject
Project("{FAE04EC0-301F-11D3-BF4B-00C04F79EFBC}") = "2", "2\2.csproj", "{DEA52557-2D64-4326-94EF-9F25354FD0E5}"
EndProject
Project("{FAE04EC0-301F-11D3-BF4B-00C04F79EFBC}") = "3", "3\3.csproj", "{3103FDCF-3CCF-48A8-A777-C1A10EBCE054}"
EndProject
Global
	GlobalSection(SolutionConfigurationPlatforms) = preSolution
		Debug|Any CPU = Debug|Any CPU
		Release|Any CPU = Release|Any CPU
	EndGlobalSection
	GlobalSection(ProjectConfigurationPlatforms) = postSolution
		{E1AC7601-5E45-4A6C-B43A-F088CBABC0AD}.Debug|Any CPU.ActiveCfg = Debug|Any CPU
		{E1AC7601-5E45-4A6C-B43A-F088CBABC0AD}.Debug|Any CPU.Build.0 = Debug|Any CPU
		{E1AC7601-5E45-4A6C-B43A-F088CBABC0AD}.Release|Any CPU.ActiveCfg = Release|Any CPU
		{E1AC7601-5E45-4A6C-B43A-F088CBABC0AD}.Release|Any CPU.Build.0 = Release|Any CPU
		{DEA52557-2D64-4326-94EF-9F25354FD0E5}.Debug|Any CPU.ActiveCfg = Debug|Any CPU
		{DEA52557-2D64-4326-94EF-9F25354FD0E5}.Debug|Any CPU.Build.0 = Debug|Any CPU
		{DEA52557-2D64-4326-94EF-9F25354FD0E5}.Release|Any CPU.ActiveCfg = Release|Any CPU
		{DEA52557-2D64-4326-94EF-9F25354FD0E5}.Release|Any CPU.Build.0 = Release|Any CPU
		{3103FDCF-3CCF-48A8-A777-C1A10EBCE054}.Debug|Any CPU.ActiveCfg = Debug|Any CPU
		{3103FDCF-3CCF-48A8-A777-C1A10EBCE054}.Debug|Any CPU.Build.0 = Debug|Any CPU
		{3103FDCF-3CCF-48A8-A777-C1A10EBCE054}.Release|Any CPU.ActiveCfg = Release|Any CPU
		{3103FDCF-3CCF-48A8-A777-C1A10EBCE054}.Release|Any CPU.Build.0 = Release|Any CPU
	EndGlobalSection
	GlobalSection(SolutionProperties) = preSolution
		HideSolutionNode = FALSE
	EndGlobalSection
	GlobalSection(ExtensibilityGlobals) = postSolution
		SolutionGuid = {43F24E74-5416-4D29-A01D-4365D6423037}
	EndGlobalSection
EndGlobal
