
Microsoft Visual Studio Solution File, Format Version 12.00
# Visual Studio 15
VisualStudioVersion = 15.0.28307.421
MinimumVisualStudioVersion = 10.0.40219.1
Project("{FAE04EC0-301F-11D3-BF4B-00C04F79EFBC}") = "01", "01\01.csproj", "{E7BAD590-8DE1-40E7-B182-72991AE31DA3}"
EndProject
Project("{FAE04EC0-301F-11D3-BF4B-00C04F79EFBC}") = "02", "02\02.csproj", "{EF8AAFF8-2530-4694-9F24-B99663212737}"
EndProject
Project("{FAE04EC0-301F-11D3-BF4B-00C04F79EFBC}") = "03", "03\03.csproj", "{BF0EA728-131C-4835-8D73-155B193DE2F1}"
EndProject
Global
	GlobalSection(SolutionConfigurationPlatforms) = preSolution
		Debug|Any CPU = Debug|Any CPU
		Release|Any CPU = Release|Any CPU
	EndGlobalSection
	GlobalSection(ProjectConfigurationPlatforms) = postSolution
		{E7BAD590-8DE1-40E7-B182-72991AE31DA3}.Debug|Any CPU.ActiveCfg = Debug|Any CPU
		{E7BAD590-8DE1-40E7-B182-72991AE31DA3}.Debug|Any CPU.Build.0 = Debug|Any CPU
		{E7BAD590-8DE1-40E7-B182-72991AE31DA3}.Release|Any CPU.ActiveCfg = Release|Any CPU
		{E7BAD590-8DE1-40E7-B182-72991AE31DA3}.Release|Any CPU.Build.0 = Release|Any CPU
		{EF8AAFF8-2530-4694-9F24-B99663212737}.Debug|Any CPU.ActiveCfg = Debug|Any CPU
		{EF8AAFF8-2530-4694-9F24-B99663212737}.Debug|Any CPU.Build.0 = Debug|Any CPU
		{EF8AAFF8-2530-4694-9F24-B99663212737}.Release|Any CPU.ActiveCfg = Release|Any CPU
		{EF8AAFF8-2530-4694-9F24-B99663212737}.Release|Any CPU.Build.0 = Release|Any CPU
		{BF0EA728-131C-4835-8D73-155B193DE2F1}.Debug|Any CPU.ActiveCfg = Debug|Any CPU
		{BF0EA728-131C-4835-8D73-155B193DE2F1}.Debug|Any CPU.Build.0 = Debug|Any CPU
		{BF0EA728-131C-4835-8D73-155B193DE2F1}.Release|Any CPU.ActiveCfg = Release|Any CPU
		{BF0EA728-131C-4835-8D73-155B193DE2F1}.Release|Any CPU.Build.0 = Release|Any CPU
	EndGlobalSection
	GlobalSection(SolutionProperties) = preSolution
		HideSolutionNode = FALSE
	EndGlobalSection
	GlobalSection(ExtensibilityGlobals) = postSolution
		SolutionGuid = {067E673A-57E5-49BA-9832-D41C95883AF9}
	EndGlobalSection
EndGlobal
